{
  "version": 4,
  "terraform_version": "1.12.2",
  "serial": 37,
  "lineage": "867ae54c-ae3d-0c66-e699-0c39d48585b7",
  "outputs": {},
  "resources": [
    {
      "mode": "managed",
      "type": "azurerm_dev_test_lab",
      "name": "lab",
      "provider": "provider[\"registry.terraform.io/hashicorp/azurerm\"]",
      "instances": [
        {
          "schema_version": 1,
          "attributes": {
            "artifacts_storage_account_id": "/subscriptions/36c11ed9-4547-4bf6-aaf8-902703c98b46/resourcegroups/ai-playground/providers/microsoft.storage/storageaccounts/agenaiopsdevlab2730",
            "default_premium_storage_account_id": "/subscriptions/36c11ed9-4547-4bf6-aaf8-902703c98b46/resourcegroups/ai-playground/providers/microsoft.storage/storageaccounts/agenaiopsdevlab2730",
            "default_storage_account_id": "/subscriptions/36c11ed9-4547-4bf6-aaf8-902703c98b46/resourcegroups/ai-playground/providers/microsoft.storage/storageaccounts/agenaiopsdevlab2730",
            "id": "/subscriptions/36c11ed9-4547-4bf6-aaf8-902703c98b46/resourceGroups/AI-Playground/providers/Microsoft.DevTestLab/labs/GenAIOps-DevLab",
            "key_vault_id": "/subscriptions/36c11ed9-4547-4bf6-aaf8-902703c98b46/resourceGroups/ai-playground/providers/Microsoft.KeyVault/vaults/genaiopsdevlab6232",
            "location": "eastus",
            "name": "GenAIOps-DevLab",
            "premium_data_disk_storage_account_id": "/subscriptions/36c11ed9-4547-4bf6-aaf8-902703c98b46/resourcegroups/ai-playground/providers/microsoft.storage/storageaccounts/agenaiopsdevlab2730",
            "resource_group_name": "AI-Playground",
            "tags": {
              "Project": "GenAIOps"
            },
            "timeouts": null,
            "unique_identifier": "0ca03cf3-3d66-4105-8b68-8fdd4d842814"
          },
          "sensitive_attributes": [],
          "identity_schema_version": 0,
          "private": "eyJlMmJmYjczMC1lY2FhLTExZTYtOGY4OC0zNDM2M2JjN2M0YzAiOnsiY3JlYXRlIjoxODAwMDAwMDAwMDAwLCJkZWxldGUiOjE4MDAwMDAwMDAwMDAsInJlYWQiOjMwMDAwMDAwMDAwMCwidXBkYXRlIjoxODAwMDAwMDAwMDAwfSwic2NoZW1hX3ZlcnNpb24iOiIxIn0=",
          "dependencies": [
            "azurerm_resource_group.rg"
          ]
        }
      ]
    },
    {
      "mode": "managed",
      "type": "azurerm_dev_test_policy",
      "name": "user_vm_count",
      "provider": "provider[\"registry.terraform.io/hashicorp/azurerm\"]",
      "instances": [
        {
          "schema_version": 1,
          "attributes": {
            "description": "Limit per-user VMs",
            "evaluator_type": "MaxValuePolicy",
            "fact_data": "",
            "id": "/subscriptions/36c11ed9-4547-4bf6-aaf8-902703c98b46/resourceGroups/AI-Playground/providers/Microsoft.DevTestLab/labs/GenAIOps-DevLab/policySets/default/policies/UserOwnedLabVmCount",
            "lab_name": "GenAIOps-DevLab",
            "name": "UserOwnedLabVmCount",
            "policy_set_name": "default",
            "resource_group_name": "AI-Playground",
            "tags": {},
            "threshold": "2",
            "timeouts": null
          },
          "sensitive_attributes": [],
          "identity_schema_version": 0,
          "private": "eyJlMmJmYjczMC1lY2FhLTExZTYtOGY4OC0zNDM2M2JjN2M0YzAiOnsiY3JlYXRlIjoxODAwMDAwMDAwMDAwLCJkZWxldGUiOjE4MDAwMDAwMDAwMDAsInJlYWQiOjMwMDAwMDAwMDAwMCwidXBkYXRlIjoxODAwMDAwMDAwMDAwfSwic2NoZW1hX3ZlcnNpb24iOiIxIn0=",
          "dependencies": [
            "azurerm_dev_test_lab.lab",
            "azurerm_resource_group.rg"
          ]
        }
      ]
    },
    {
      "mode": "managed",
      "type": "azurerm_dev_test_policy",
      "name": "vm_size_policy",
      "provider": "provider[\"registry.terraform.io/hashicorp/azurerm\"]",
      "instances": [
        {
          "schema_version": 1,
          "attributes": {
            "description": "Allow only selected VM sizes",
            "evaluator_type": "AllowedValuesPolicy",
            "fact_data": "",
            "id": "/subscriptions/36c11ed9-4547-4bf6-aaf8-902703c98b46/resourceGroups/AI-Playground/providers/Microsoft.DevTestLab/labs/GenAIOps-DevLab/policySets/default/policies/LabVmSize",
            "lab_name": "GenAIOps-DevLab",
            "name": "LabVmSize",
            "policy_set_name": "default",
            "resource_group_name": "AI-Playground",
            "tags": {},
            "threshold": "[\"Standard_D2s_v5\",\"Standard_D4s_v5\",\"Standard_D8s_v5\"]",
            "timeouts": null
          },
          "sensitive_attributes": [],
          "identity_schema_version": 0,
          "private": "eyJlMmJmYjczMC1lY2FhLTExZTYtOGY4OC0zNDM2M2JjN2M0YzAiOnsiY3JlYXRlIjoxODAwMDAwMDAwMDAwLCJkZWxldGUiOjE4MDAwMDAwMDAwMDAsInJlYWQiOjMwMDAwMDAwMDAwMCwidXBkYXRlIjoxODAwMDAwMDAwMDAwfSwic2NoZW1hX3ZlcnNpb24iOiIxIn0=",
          "dependencies": [
            "azurerm_dev_test_lab.lab",
            "azurerm_resource_group.rg"
          ]
        }
      ]
    },
    {
      "mode": "managed",
      "type": "azurerm_dev_test_schedule",
      "name": "shutdown",
      "provider": "provider[\"registry.terraform.io/hashicorp/azurerm\"]",
      "instances": [
        {
          "schema_version": 1,
          "attributes": {
            "daily_recurrence": [
              {
                "time": "0200"
              }
            ],
            "hourly_recurrence": [],
            "id": "/subscriptions/36c11ed9-4547-4bf6-aaf8-902703c98b46/resourceGroups/AI-Playground/providers/Microsoft.DevTestLab/labs/GenAIOps-DevLab/schedules/LabVmsShutdown",
            "lab_name": "GenAIOps-DevLab",
            "location": "eastus",
            "name": "LabVmsShutdown",
            "notification_settings": [
              {
                "status": "Disabled",
                "time_in_minutes": 30,
                "webhook_url": ""
              }
            ],
            "resource_group_name": "AI-Playground",
            "status": "Enabled",
            "tags": {},
            "task_type": "LabVmsShutdownTask",
            "time_zone_id": "Eastern Standard Time",
            "timeouts": null,
            "weekly_recurrence": []
          },
          "sensitive_attributes": [],
          "identity_schema_version": 0,
          "private": "eyJlMmJmYjczMC1lY2FhLTExZTYtOGY4OC0zNDM2M2JjN2M0YzAiOnsiY3JlYXRlIjoxODAwMDAwMDAwMDAwLCJkZWxldGUiOjE4MDAwMDAwMDAwMDAsInJlYWQiOjMwMDAwMDAwMDAwMCwidXBkYXRlIjoxODAwMDAwMDAwMDAwfSwic2NoZW1hX3ZlcnNpb24iOiIxIn0=",
          "dependencies": [
            "azurerm_dev_test_lab.lab",
            "azurerm_resource_group.rg"
          ]
        }
      ]
    },
    {
      "mode": "managed",
      "type": "azurerm_dev_test_virtual_network",
      "name": "labvnet",
      "provider": "provider[\"registry.terraform.io/hashicorp/azurerm\"]",
      "instances": [
        {
          "schema_version": 1,
          "attributes": {
            "description": "",
            "id": "/subscriptions/36c11ed9-4547-4bf6-aaf8-902703c98b46/resourceGroups/AI-Playground/providers/Microsoft.DevTestLab/labs/GenAIOps-DevLab/virtualNetworks/dtl-vnet",
            "lab_name": "GenAIOps-DevLab",
            "name": "dtl-vnet",
            "resource_group_name": "AI-Playground",
            "subnet": [
              {
                "name": "dtl-vnetSubnet",
                "shared_public_ip_address": [],
                "use_in_virtual_machine_creation": "Allow",
                "use_public_ip_address": "Allow"
              }
            ],
            "tags": {},
            "timeouts": null,
            "unique_identifier": "f51c568b-299f-4e44-a4de-ce1ccb3f9cc9"
          },
          "sensitive_attributes": [],
          "identity_schema_version": 0,
          "private": "eyJlMmJmYjczMC1lY2FhLTExZTYtOGY4OC0zNDM2M2JjN2M0YzAiOnsiY3JlYXRlIjoxODAwMDAwMDAwMDAwLCJkZWxldGUiOjE4MDAwMDAwMDAwMDAsInJlYWQiOjMwMDAwMDAwMDAwMCwidXBkYXRlIjoxODAwMDAwMDAwMDAwfSwic2NoZW1hX3ZlcnNpb24iOiIxIn0=",
          "dependencies": [
            "azurerm_dev_test_lab.lab",
            "azurerm_resource_group.rg"
          ]
        }
      ]
    },
    {
      "mode": "managed",
      "type": "azurerm_dev_test_windows_virtual_machine",
      "name": "devvm",
      "provider": "provider[\"registry.terraform.io/hashicorp/azurerm\"]",
      "instances": [
        {
          "index_key": "alice",
          "schema_version": 1,
          "attributes": {
            "allow_claim": true,
            "disallow_public_ip_address": false,
            "fqdn": "alice661746.eastus.cloudapp.azure.com",
            "gallery_image_reference": [
              {
                "offer": "windows-11",
                "publisher": "MicrosoftWindowsDesktop",
                "sku": "win11-23h2-ent",
                "version": "latest"
              }
            ],
            "id": "/subscriptions/36c11ed9-4547-4bf6-aaf8-902703c98b46/resourceGroups/AI-Playground/providers/Microsoft.DevTestLab/labs/GenAIOps-DevLab/virtualMachines/alice",
            "inbound_nat_rule": [],
            "lab_name": "GenAIOps-DevLab",
            "lab_subnet_name": "dtl-vnetSubnet",
            "lab_virtual_network_id": "/subscriptions/36c11ed9-4547-4bf6-aaf8-902703c98b46/resourceGroups/AI-Playground/providers/Microsoft.DevTestLab/labs/GenAIOps-DevLab/virtualNetworks/dtl-vnet",
            "location": "eastus",
            "name": "alice",
            "notes": "",
            "password": "W3lcome!",
            "resource_group_name": "AI-Playground",
            "size": "Standard_D4s_v5",
            "storage_type": "Premium",
            "tags": {
              "Owner": "alice",
              "Role": "GenAI-Dev"
            },
            "timeouts": null,
            "unique_identifier": "69cb7838-13ad-4b82-9804-19a52d1c1f06",
            "username": "chris"
          },
          "sensitive_attributes": [
            [
              {
                "type": "get_attr",
                "value": "password"
              }
            ]
          ],
          "identity_schema_version": 0,
          "private": "eyJlMmJmYjczMC1lY2FhLTExZTYtOGY4OC0zNDM2M2JjN2M0YzAiOnsiY3JlYXRlIjoxODAwMDAwMDAwMDAwLCJkZWxldGUiOjE4MDAwMDAwMDAwMDAsInJlYWQiOjMwMDAwMDAwMDAwMCwidXBkYXRlIjoxODAwMDAwMDAwMDAwfSwic2NoZW1hX3ZlcnNpb24iOiIxIn0=",
          "dependencies": [
            "azurerm_dev_test_lab.lab",
            "azurerm_dev_test_virtual_network.labvnet",
            "azurerm_resource_group.rg"
          ]
        },
        {
          "index_key": "bob",
          "schema_version": 1,
          "attributes": {
            "allow_claim": true,
            "disallow_public_ip_address": false,
            "fqdn": "bob.eastus.cloudapp.azure.com",
            "gallery_image_reference": [
              {
                "offer": "windows-11",
                "publisher": "MicrosoftWindowsDesktop",
                "sku": "win11-23h2-ent",
                "version": "latest"
              }
            ],
            "id": "/subscriptions/36c11ed9-4547-4bf6-aaf8-902703c98b46/resourceGroups/AI-Playground/providers/Microsoft.DevTestLab/labs/GenAIOps-DevLab/virtualMachines/bob",
            "inbound_nat_rule": [],
            "lab_name": "GenAIOps-DevLab",
            "lab_subnet_name": "dtl-vnetSubnet",
            "lab_virtual_network_id": "/subscriptions/36c11ed9-4547-4bf6-aaf8-902703c98b46/resourceGroups/AI-Playground/providers/Microsoft.DevTestLab/labs/GenAIOps-DevLab/virtualNetworks/dtl-vnet",
            "location": "eastus",
            "name": "bob",
            "notes": "",
            "password": "W3lcome!",
            "resource_group_name": "AI-Playground",
            "size": "Standard_D4s_v5",
            "storage_type": "Premium",
            "tags": {
              "Owner": "bob",
              "Role": "GenAI-Dev"
            },
            "timeouts": null,
            "unique_identifier": "7817b92c-b6fa-44a3-a842-4d763baeb33a",
            "username": "bob"
          },
          "sensitive_attributes": [
            [
              {
                "type": "get_attr",
                "value": "password"
              }
            ]
          ],
          "identity_schema_version": 0,
          "private": "eyJlMmJmYjczMC1lY2FhLTExZTYtOGY4OC0zNDM2M2JjN2M0YzAiOnsiY3JlYXRlIjoxODAwMDAwMDAwMDAwLCJkZWxldGUiOjE4MDAwMDAwMDAwMDAsInJlYWQiOjMwMDAwMDAwMDAwMCwidXBkYXRlIjoxODAwMDAwMDAwMDAwfSwic2NoZW1hX3ZlcnNpb24iOiIxIn0=",
          "dependencies": [
            "azurerm_dev_test_lab.lab",
            "azurerm_dev_test_virtual_network.labvnet",
            "azurerm_resource_group.rg"
          ]
        }
      ]
    },
    {
      "mode": "managed",
      "type": "azurerm_resource_group",
      "name": "rg",
      "provider": "provider[\"registry.terraform.io/hashicorp/azurerm\"]",
      "instances": [
        {
          "schema_version": 0,
          "attributes": {
            "id": "/subscriptions/36c11ed9-4547-4bf6-aaf8-902703c98b46/resourceGroups/AI-Playground",
            "location": "eastus",
            "managed_by": "",
            "name": "AI-Playground",
            "tags": {},
            "timeouts": null
          },
          "sensitive_attributes": [],
          "identity_schema_version": 0,
          "private": "eyJlMmJmYjczMC1lY2FhLTExZTYtOGY4OC0zNDM2M2JjN2M0YzAiOnsiY3JlYXRlIjo1NDAwMDAwMDAwMDAwLCJkZWxldGUiOjU0MDAwMDAwMDAwMDAsInJlYWQiOjMwMDAwMDAwMDAwMCwidXBkYXRlIjo1NDAwMDAwMDAwMDAwfSwic2NoZW1hX3ZlcnNpb24iOiIwIn0="
        }
      ]
    },
    {
      "mode": "managed",
      "type": "null_resource",
      "name": "apply_artifacts",
      "provider": "provider[\"registry.terraform.io/hashicorp/null\"]",
      "instances": [
        {
          "index_key": "alice",
          "schema_version": 0,
          "attributes": {
            "id": "6319244107172075107",
            "triggers": {
              "vm_id": "/subscriptions/36c11ed9-4547-4bf6-aaf8-902703c98b46/resourceGroups/AI-Playground/providers/Microsoft.DevTestLab/labs/GenAIOps-DevLab/virtualMachines/alice"
            }
          },
          "sensitive_attributes": [],
          "identity_schema_version": 0,
          "dependencies": [
            "azurerm_dev_test_lab.lab",
            "azurerm_dev_test_virtual_network.labvnet",
            "azurerm_dev_test_windows_virtual_machine.devvm",
            "azurerm_resource_group.rg"
          ]
        },
        {
          "index_key": "bob",
          "schema_version": 0,
          "attributes": {
            "id": "7444683709139483419",
            "triggers": {
              "vm_id": "/subscriptions/36c11ed9-4547-4bf6-aaf8-902703c98b46/resourceGroups/AI-Playground/providers/Microsoft.DevTestLab/labs/GenAIOps-DevLab/virtualMachines/bob"
            }
          },
          "sensitive_attributes": [],
          "identity_schema_version": 0,
          "dependencies": [
            "azurerm_dev_test_lab.lab",
            "azurerm_dev_test_virtual_network.labvnet",
            "azurerm_dev_test_windows_virtual_machine.devvm",
            "azurerm_resource_group.rg"
          ]
        }
      ]
    }
  ],
  "check_results": null
}
